// !$*UTF8*$!
{
	archiveVersion = 1;
	classes = {
	};
	objectVersion = 46;
	objects = {

/* Begin PBXBuildFile section */
		EBA02EE11C5F04C5003856C7 /* AppDelegate.swift in Sources */ = {isa = PBXBuildFile; fileRef = EBA02EE01C5F04C5003856C7 /* AppDelegate.swift */; };
		EBA02EE31C5F04C5003856C7 /* ViewController.swift in Sources */ = {isa = PBXBuildFile; fileRef = EBA02EE21C5F04C5003856C7 /* ViewController.swift */; };
		EBA02EE61C5F04C5003856C7 /* Main.storyboard in Resources */ = {isa = PBXBuildFile; fileRef = EBA02EE41C5F04C5003856C7 /* Main.storyboard */; };
		EBA02EE81C5F04C5003856C7 /* Assets.xcassets in Resources */ = {isa = PBXBuildFile; fileRef = EBA02EE71C5F04C5003856C7 /* Assets.xcassets */; };
		EBA02EEB1C5F04C5003856C7 /* LaunchScreen.storyboard in Resources */ = {isa = PBXBuildFile; fileRef = EBA02EE91C5F04C5003856C7 /* LaunchScreen.storyboard */; };
/* End PBXBuildFile section */

/* Begin PBXFileReference section */
		EBA02EDD1C5F04C5003856C7 /* walkingscrollview-test.app */ = {isa = PBXFileReference; explicitFileType = wrapper.application; includeInIndex = 0; path = "walkingscrollview-test.app"; sourceTree = BUILT_PRODUCTS_DIR; };
		EBA02EE01C5F04C5003856C7 /* AppDelegate.swift */ = {isa = PBXFileReference; lastKnownFileType = sourcecode.swift; path = AppDelegate.swift; sourceTree = "<group>"; };
		EBA02EE21C5F04C5003856C7 /* ViewController.swift */ = {isa = PBXFileReference; lastKnownFileType = sourcecode.swift; path = ViewController.swift; sourceTree = "<group>"; };
		EBA02EE51C5F04C5003856C7 /* Base */ = {isa = PBXFileReference; lastKnownFileType = file.storyboard; name = Base; path = Base.lproj/Main.storyboard; sourceTree = "<group>"; };
		EBA02EE71C5F04C5003856C7 /* Assets.xcassets */ = {isa = PBXFileReference; lastKnownFileType = folder.assetcatalog; path = Assets.xcassets; sourceTree = "<group>"; };
		EBA02EEA1C5F04C5003856C7 /* Base */ = {isa = PBXFileReference; lastKnownFileType = file.storyboard; name = Base; path = Base.lproj/LaunchScreen.storyboard; sourceTree = "<group>"; };
		EBA02EEC1C5F04C5003856C7 /* Info.plist */ = {isa = PBXFileReference; lastKnownFileType = text.plist.xml; path = Info.plist; sourceTree = "<group>"; };
/* End PBXFileReference section */

/* Begin PBXFrameworksBuildPhase section */
		EBA02EDA1C5F04C5003856C7 /* Frameworks */ = {
			isa = PBXFrameworksBuildPhase;
			buildActionMask = 2147483647;
			files = (
			);
			runOnlyForDeploymentPostprocessing = 0;
		};
/* End PBXFrameworksBuildPhase section */

/* Begin PBXGroup section */
		EBA02ED41C5F04C5003856C7 = {
			isa = PBXGroup;
			children = (
				EBA02EDF1C5F04C5003856C7 /* walkingscrollview-test */,
				EBA02EDE1C5F04C5003856C7 /* Products */,
			);
			sourceTree = "<group>";
		};
		EBA02EDE1C5F04C5003856C7 /* Products */ = {
			isa = PBXGroup;
			children = (
				EBA02EDD1C5F04C5003856C7 /* walkingscrollview-test.app */,
			);
			name = Products;
			sourceTree = "<group>";
		};
		EBA02EDF1C5F04C5003856C7 /* walkingscrollview-test */ = {
			isa = PBXGroup;
			children = (
				EBA02EE01C5F04C5003856C7 /* AppDelegate.swift */,
				EBA02EE21C5F04C5003856C7 /* ViewController.swift */,
				EBA02EE41C5F04C5003856C7 /* Main.storyboard */,
				EBA02EE71C5F04C5003856C7 /* Assets.xcassets */,
				EBA02EE91C5F04C5003856C7 /* LaunchScreen.storyboard */,
				EBA02EEC1C5F04C5003856C7 /* Info.plist */,
			);
			path = "walkingscrollview-test";
			sourceTree = "<group>";
		};
/* End PBXGroup section */

/* Begin PBXNativeTarget section */
		EBA02EDC1C5F04C5003856C7 /* walkingscrollview-test */ = {
			isa = PBXNativeTarget;
			buildConfigurationList = EBA02EEF1C5F04C5003856C7 /* Build configuration list for PBXNativeTarget "walkingscrollview-test" */;
			buildPhases = (
				EBA02ED91C5F04C5003856C7 /* Sources */,
				EBA02EDA1C5F04C5003856C7 /* Frameworks */,
				EBA02EDB1C5F04C5003856C7 /* Resources */,
			);
			buildRules = (
			);
			dependencies = (
			);
			name = "walkingscrollview-test";
			productName = "walkingscrollview-test";
			productReference = EBA02EDD1C5F04C5003856C7 /* walkingscrollview-test.app */;
			productType = "com.apple.product-type.application";
		};
/* End PBXNativeTarget section */

/* Begin PBXProject section */
		EBA02ED51C5F04C5003856C7 /* Project object */ = {
			isa = PBXProject;
			attributes = {
				LastSwiftUpdateCheck = 0720;
				LastUpgradeCheck = 0720;
				ORGANIZATIONNAME = "Mengying Feng";
				TargetAttributes = {
					EBA02EDC1C5F04C5003856C7 = {
						CreatedOnToolsVersion = 7.2;
					};
				};
			};
			buildConfigurationList = EBA02ED81C5F04C5003856C7 /* Build configuration list for PBXProject "walkingscrollview-test" */;
			compatibilityVersion = "Xcode 3.2";
			developmentRegion = English;
			hasScannedForEncodings = 0;
			knownRegions = (
				en,
				Base,
			);
			mainGroup = EBA02ED41C5F04C5003856C7;
			productRefGroup = EBA02EDE1C5F04C5003856C7 /* Products */;
			projectDirPath = "";
			projectRoot = "";
			targets = (
				EBA02EDC1C5F04C5003856C7 /* walkingscrollview-test */,
			);
		};
/* End PBXProject section */

/* Begin PBXResourcesBuildPhase section */
		EBA02EDB1C5F04C5003856C7 /* Resources */ = {
			isa = PBXResourcesBuildPhase;
			buildActionMask = 2147483647;
			files = (
				EBA02EEB1C5F04C5003856C7 /* LaunchScreen.storyboard in Resources */,
				EBA02EE81C5F04C5003856C7 /* Assets.xcassets in Resources */,
				EBA02EE61C5F04C5003856C7 /* Main.storyboard in Resources */,
			);
			runOnlyForDeploymentPostprocessing = 0;
		};
/* End PBXResourcesBuildPhase section */

/* Begin PBXSourcesBuildPhase section */
		EBA02ED91C5F04C5003856C7 /* Sources */ = {
			isa = PBXSourcesBuildPhase;
			buildActionMask = 2147483647;
			files = (
				EBA02EE31C5F04C5003856C7 /* ViewController.swift in Sources */,
				EBA02EE11C5F04C5003856C7 /* AppDelegate.swift in Sources */,
			);
			runOnlyForDeploymentPostprocessing = 0;
		};
/* End PBXSourcesBuildPhase section */

/* Begin PBXVariantGroup section */
		EBA02EE41C5F04C5003856C7 /* Main.storyboard */ = {
			isa = PBXVariantGroup;
			children = (
				EBA02EE51C5F04C5003856C7 /* Base */,
			);
			name = Main.storyboard;
			sourceTree = "<group>";
		};
		EBA02EE91C5F04C5003856C7 /* LaunchScreen.storyboard */ = {
			isa = PBXVariantGroup;
			children = (
				EBA02EEA1C5F04C5003856C7 /* Base */,
			);
			name = LaunchScreen.storyboard;
			sourceTree = "<group>";
		};
/* End PBXVariantGroup section */

/* Begin XCBuildConfiguration section */
		EBA02EED1C5F04C5003856C7 /* Debug */ = {
			isa = XCBuildConfiguration;
			buildSettings = {
				ALWAYS_SEARCH_USER_PATHS = NO;
				CLANG_CXX_LANGUAGE_STANDARD = "gnu++0x";
				CLANG_CXX_LIBRARY = "libc++";
				CLANG_ENABLE_MODULES = YES;
				CLANG_ENABLE_OBJC_ARC = YES;
				CLANG_WARN_BOOL_CONVERSION = YES;
				CLANG_WARN_CONSTANT_CONVERSION = YES;
				CLANG_WARN_DIRECT_OBJC_ISA_USAGE = YES_ERROR;
				CLANG_WARN_EMPTY_BODY = YES;
				CLANG_WARN_ENUM_CONVERSION = YES;
				CLANG_WARN_INT_CONVERSION = YES;
				CLANG_WARN_OBJC_ROOT_CLASS = YES_ERROR;
				CLANG_WARN_UNREACHABLE_CODE = YES;
				CLANG_WARN__DUPLICATE_METHOD_MATCH = YES;
				"CODE_SIGN_IDENTITY[sdk=iphoneos*]" = "iPhone Developer";
				COPY_PHASE_STRIP = NO;
				DEBUG_INFORMATION_FORMAT = dwarf;
				ENABLE_STRICT_OBJC_MSGSEND = YES;
				ENABLE_TESTABILITY = YES;
				GCC_C_LANGUAGE_STANDARD = gnu99;
				GCC_DYNAMIC_NO_PIC = NO;
				GCC_NO_COMMON_BLOCKS = YES;
				GCC_OPTIMIZATION_LEVEL = 0;
				GCC_PREPROCESSOR_DEFINITIONS = (
					"DEBUG=1",
					"$(inherited)",
				);
				GCC_WARN_64_TO_32_BIT_CONVERSION = YES;
				GCC_WARN_ABOUT_RETURN_TYPE = YES_ERROR;
				GCC_WARN_UNDECLARED_SELECTOR = YES;
				GCC_WARN_UNINITIALIZED_AUTOS = YES_AGGRESSIVE;
				GCC_WARN_UNUSED_FUNCTION = YES;
				GCC_WARN_UNUSED_VARIABLE = YES;
				IPHONEOS_DEPLOYMENT_TARGET = 9.2;
				MTL_ENABLE_DEBUG_INFO = YES;
				ONLY_ACTIVE_ARCH = YES;
				SDKROOT = iphoneos;
				SWIFT_OPTIMIZATION_LEVEL = "-Onone";
			};
			name = Debug;
		};
		EBA02EEE1C5F04C5003856C7 /* Release */ = {
			isa = XCBuildConfiguration;
			buildSettings = {
				ALWAYS_SEARCH_USER_PATHS = NO;
				CLANG_CXX_LANGUAGE_STANDARD = "gnu++0x";
				CLANG_CXX_LIBRARY = "libc++";
				CLANG_ENABLE_MODULES = YES;
				CLANG_ENABLE_OBJC_ARC = YES;
				CLANG_WARN_BOOL_CONVERSION = YES;
				CLANG_WARN_CONSTANT_CONVERSION = YES;
				CLANG_WARN_DIRECT_OBJC_ISA_USAGE = YES_ERROR;
				CLANG_WARN_EMPTY_BODY = YES;
				CLANG_WARN_ENUM_CONVERSION = YES;
				CLANG_WARN_INT_CONVERSION = YES;
				CLANG_WARN_OBJC_ROOT_CLASS = YES_ERROR;
				CLANG_WARN_UNREACHABLE_CODE = YES;
				CLANG_WARN__DUPLICATE_METHOD_MATCH = YES;
				"CODE_SIGN_IDENTITY[sdk=iphoneos*]" = "iPhone Developer";
				COPY_PHASE_STRIP = NO;
				DEBUG_INFORMATION_FORMAT = "dwarf-with-dsym";
				ENABLE_NS_ASSERTIONS = NO;
				ENABLE_STRICT_OBJC_MSGSEND = YES;
				GCC_C_LANGUAGE_STANDARD = gnu99;
				GCC_NO_COMMON_BLOCKS = YES;
				GCC_WARN_64_TO_32_BIT_CONVERSION = YES;
				GCC_WARN_ABOUT_RETURN_TYPE = YES_ERROR;
				GCC_WARN_UNDECLARED_SELECTOR = YES;
				GCC_WARN_UNINITIALIZED_AUTOS = YES_AGGRESSIVE;
				GCC_WARN_UNUSED_FUNCTION = YES;
				GCC_WARN_UNUSED_VARIABLE = YES;
				IPHONEOS_DEPLOYMENT_TARGET = 9.2;
				MTL_ENABLE_DEBUG_INFO = NO;
				SDKROOT = iphoneos;
				VALIDATE_PRODUCT = YES;
			};
			name = Release;
		};
		EBA02EF01C5F04C5003856C7 /* Debug */ = {
			isa = XCBuildConfiguration;
			buildSettings = {
				ASSETCATALOG_COMPILER_APPICON_NAME = AppIcon;
				INFOPLIST_FILE = "walkingscrollview-test/Info.plist";
				LD_RUNPATH_SEARCH_PATHS = "$(inherited) @executable_path/Frameworks";
				PRODUCT_BUNDLE_IDENTIFIER = "com.emilyvon.walkingscrollview-test";
				PRODUCT_NAME = "$(TARGET_NAME)";
			};
			name = Debug;
		};
		EBA02EF11C5F04C5003856C7 /* Release */ = {
			isa = XCBuildConfiguration;
			buildSettings = {
				ASSETCATALOG_COMPILER_APPICON_NAME = AppIcon;
				INFOPLIST_FILE = "walkingscrollview-test/Info.plist";
				LD_RUNPATH_SEARCH_PATHS = "$(inherited) @executable_path/Frameworks";
				PRODUCT_BUNDLE_IDENTIFIER = "com.emilyvon.walkingscrollview-test";
				PRODUCT_NAME = "$(TARGET_NAME)";
			};
			name = Release;
		};
/* End XCBuildConfiguration section */

/* Begin XCConfigurationList section */
		EBA02ED81C5F04C5003856C7 /* Build configuration list for PBXProject "walkingscrollview-test" */ = {
			isa = XCConfigurationList;
			buildConfigurations = (
				EBA02EED1C5F04C5003856C7 /* Debug */,
				EBA02EEE1C5F04C5003856C7 /* Release */,
			);
			defaultConfigurationIsVisible = 0;
			defaultConfigurationName = Release;
		};
		EBA02EEF1C5F04C5003856C7 /* Build configuration list for PBXNativeTarget "walkingscrollview-test" */ = {
			isa = XCConfigurationList;
			buildConfigurations = (
				EBA02EF01C5F04C5003856C7 /* Debug */,
				EBA02EF11C5F04C5003856C7 /* Release */,
			);
			defaultConfigurationIsVisible = 0;
		};
/* End XCConfigurationList section */
	};
	rootObject = EBA02ED51C5F04C5003856C7 /* Project object */;
}
